// !$*UTF8*$!
{
	archiveVersion = 1;
	classes = {
	};
	objectVersion = 55;
	objects = {

/* Begin PBXBuildFile section */
		5DC3525B27F0380300F66A26 /* SwiftUI_MVVMApp.swift in Sources */ = {isa = PBXBuildFile; fileRef = 5DC3525A27F0380300F66A26 /* SwiftUI_MVVMApp.swift */; };
		5DC3525F27F0380400F66A26 /* Assets.xcassets in Resources */ = {isa = PBXBuildFile; fileRef = 5DC3525E27F0380400F66A26 /* Assets.xcassets */; };
		5DC3526227F0380400F66A26 /* Preview Assets.xcassets in Resources */ = {isa = PBXBuildFile; fileRef = 5DC3526127F0380400F66A26 /* Preview Assets.xcassets */; };
		5DC3526C27F0384600F66A26 /* Appetizer.swift in Sources */ = {isa = PBXBuildFile; fileRef = 5DC3526B27F0384600F66A26 /* Appetizer.swift */; };
		5DC3526E27F0385E00F66A26 /* AlertItem.swift in Sources */ = {isa = PBXBuildFile; fileRef = 5DC3526D27F0385E00F66A26 /* AlertItem.swift */; };
		5DC3527027F0387A00F66A26 /* SMError.swift in Sources */ = {isa = PBXBuildFile; fileRef = 5DC3526F27F0387A00F66A26 /* SMError.swift */; };
		5DC3527227F0388900F66A26 /* NetworkManager.swift in Sources */ = {isa = PBXBuildFile; fileRef = 5DC3527127F0388900F66A26 /* NetworkManager.swift */; };
		5DC3527527F038ED00F66A26 /* AppetizerListViewModel.swift in Sources */ = {isa = PBXBuildFile; fileRef = 5DC3527427F038ED00F66A26 /* AppetizerListViewModel.swift */; };
		5DC3527727F03D6A00F66A26 /* AppetizerListView.swift in Sources */ = {isa = PBXBuildFile; fileRef = 5DC3527627F03D6A00F66A26 /* AppetizerListView.swift */; };
		5DC3527927F0479000F66A26 /* LoadingView.swift in Sources */ = {isa = PBXBuildFile; fileRef = 5DC3527827F0479000F66A26 /* LoadingView.swift */; };
		5DC3527B27F048CB00F66A26 /* AppetizerCell.swift in Sources */ = {isa = PBXBuildFile; fileRef = 5DC3527A27F048CB00F66A26 /* AppetizerCell.swift */; };
		5DC3527D27F0499B00F66A26 /* AppetizerRemoteImageView.swift in Sources */ = {isa = PBXBuildFile; fileRef = 5DC3527C27F0499B00F66A26 /* AppetizerRemoteImageView.swift */; };
/* End PBXBuildFile section */

/* Begin PBXFileReference section */
		5DC3525727F0380300F66A26 /* SwiftUI-MVVM.app */ = {isa = PBXFileReference; explicitFileType = wrapper.application; includeInIndex = 0; path = "SwiftUI-MVVM.app"; sourceTree = BUILT_PRODUCTS_DIR; };
		5DC3525A27F0380300F66A26 /* SwiftUI_MVVMApp.swift */ = {isa = PBXFileReference; lastKnownFileType = sourcecode.swift; path = SwiftUI_MVVMApp.swift; sourceTree = "<group>"; };
		5DC3525E27F0380400F66A26 /* Assets.xcassets */ = {isa = PBXFileReference; lastKnownFileType = folder.assetcatalog; path = Assets.xcassets; sourceTree = "<group>"; };
		5DC3526127F0380400F66A26 /* Preview Assets.xcassets */ = {isa = PBXFileReference; lastKnownFileType = folder.assetcatalog; path = "Preview Assets.xcassets"; sourceTree = "<group>"; };
		5DC3526B27F0384600F66A26 /* Appetizer.swift */ = {isa = PBXFileReference; lastKnownFileType = sourcecode.swift; path = Appetizer.swift; sourceTree = "<group>"; };
		5DC3526D27F0385E00F66A26 /* AlertItem.swift */ = {isa = PBXFileReference; lastKnownFileType = sourcecode.swift; path = AlertItem.swift; sourceTree = "<group>"; };
		5DC3526F27F0387A00F66A26 /* SMError.swift */ = {isa = PBXFileReference; lastKnownFileType = sourcecode.swift; path = SMError.swift; sourceTree = "<group>"; };
		5DC3527127F0388900F66A26 /* NetworkManager.swift */ = {isa = PBXFileReference; lastKnownFileType = sourcecode.swift; path = NetworkManager.swift; sourceTree = "<group>"; };
		5DC3527427F038ED00F66A26 /* AppetizerListViewModel.swift */ = {isa = PBXFileReference; lastKnownFileType = sourcecode.swift; path = AppetizerListViewModel.swift; sourceTree = "<group>"; };
		5DC3527627F03D6A00F66A26 /* AppetizerListView.swift */ = {isa = PBXFileReference; lastKnownFileType = sourcecode.swift; path = AppetizerListView.swift; sourceTree = "<group>"; };
		5DC3527827F0479000F66A26 /* LoadingView.swift */ = {isa = PBXFileReference; lastKnownFileType = sourcecode.swift; path = LoadingView.swift; sourceTree = "<group>"; };
		5DC3527A27F048CB00F66A26 /* AppetizerCell.swift */ = {isa = PBXFileReference; lastKnownFileType = sourcecode.swift; path = AppetizerCell.swift; sourceTree = "<group>"; };
		5DC3527C27F0499B00F66A26 /* AppetizerRemoteImageView.swift */ = {isa = PBXFileReference; lastKnownFileType = sourcecode.swift; path = AppetizerRemoteImageView.swift; sourceTree = "<group>"; };
/* End PBXFileReference section */

/* Begin PBXFrameworksBuildPhase section */
		5DC3525427F0380300F66A26 /* Frameworks */ = {
			isa = PBXFrameworksBuildPhase;
			buildActionMask = 2147483647;
			files = (
			);
			runOnlyForDeploymentPostprocessing = 0;
		};
/* End PBXFrameworksBuildPhase section */

/* Begin PBXGroup section */
		5DC3524E27F0380300F66A26 = {
			isa = PBXGroup;
			children = (
				5DC3525927F0380300F66A26 /* SwiftUI-MVVM */,
				5DC3525827F0380300F66A26 /* Products */,
			);
			sourceTree = "<group>";
		};
		5DC3525827F0380300F66A26 /* Products */ = {
			isa = PBXGroup;
			children = (
				5DC3525727F0380300F66A26 /* SwiftUI-MVVM.app */,
			);
			name = Products;
			sourceTree = "<group>";
		};
		5DC3525927F0380300F66A26 /* SwiftUI-MVVM */ = {
			isa = PBXGroup;
			children = (
				5DC3526A27F0382C00F66A26 /* Model */,
				5DC3526927F0382400F66A26 /* Utilities */,
				5DC3526827F0381200F66A26 /* Views */,
				5DC3525A27F0380300F66A26 /* SwiftUI_MVVMApp.swift */,
				5DC3525E27F0380400F66A26 /* Assets.xcassets */,
				5DC3526027F0380400F66A26 /* Preview Content */,
			);
			path = "SwiftUI-MVVM";
			sourceTree = "<group>";
		};
		5DC3526027F0380400F66A26 /* Preview Content */ = {
			isa = PBXGroup;
			children = (
				5DC3526127F0380400F66A26 /* Preview Assets.xcassets */,
			);
			path = "Preview Content";
			sourceTree = "<group>";
		};
		5DC3526827F0381200F66A26 /* Views */ = {
			isa = PBXGroup;
			children = (
				5DC3527327F038B200F66A26 /* AppetizerListView */,
				5DC3527827F0479000F66A26 /* LoadingView.swift */,
				5DC3527A27F048CB00F66A26 /* AppetizerCell.swift */,
			);
			path = Views;
			sourceTree = "<group>";
		};
		5DC3526927F0382400F66A26 /* Utilities */ = {
			isa = PBXGroup;
			children = (
				5DC3526D27F0385E00F66A26 /* AlertItem.swift */,
				5DC3526F27F0387A00F66A26 /* SMError.swift */,
				5DC3527127F0388900F66A26 /* NetworkManager.swift */,
				5DC3527C27F0499B00F66A26 /* AppetizerRemoteImageView.swift */,
			);
			path = Utilities;
			sourceTree = "<group>";
		};
		5DC3526A27F0382C00F66A26 /* Model */ = {
			isa = PBXGroup;
			children = (
				5DC3526B27F0384600F66A26 /* Appetizer.swift */,
			);
			path = Model;
			sourceTree = "<group>";
		};
		5DC3527327F038B200F66A26 /* AppetizerListView */ = {
			isa = PBXGroup;
			children = (
				5DC3527427F038ED00F66A26 /* AppetizerListViewModel.swift */,
				5DC3527627F03D6A00F66A26 /* AppetizerListView.swift */,
			);
			path = AppetizerListView;
			sourceTree = "<group>";
		};
/* End PBXGroup section */

/* Begin PBXNativeTarget section */
		5DC3525627F0380300F66A26 /* SwiftUI-MVVM */ = {
			isa = PBXNativeTarget;
			buildConfigurationList = 5DC3526527F0380400F66A26 /* Build configuration list for PBXNativeTarget "SwiftUI-MVVM" */;
			buildPhases = (
				5DC3525327F0380300F66A26 /* Sources */,
				5DC3525427F0380300F66A26 /* Frameworks */,
				5DC3525527F0380300F66A26 /* Resources */,
			);
			buildRules = (
			);
			dependencies = (
			);
			name = "SwiftUI-MVVM";
			productName = "SwiftUI-MVVM";
			productReference = 5DC3525727F0380300F66A26 /* SwiftUI-MVVM.app */;
			productType = "com.apple.product-type.application";
		};
/* End PBXNativeTarget section */

/* Begin PBXProject section */
		5DC3524F27F0380300F66A26 /* Project object */ = {
			isa = PBXProject;
			attributes = {
				BuildIndependentTargetsInParallel = 1;
				LastSwiftUpdateCheck = 1330;
				LastUpgradeCheck = 1330;
				TargetAttributes = {
					5DC3525627F0380300F66A26 = {
						CreatedOnToolsVersion = 13.3;
					};
				};
			};
			buildConfigurationList = 5DC3525227F0380300F66A26 /* Build configuration list for PBXProject "SwiftUI-MVVM" */;
			compatibilityVersion = "Xcode 13.0";
			developmentRegion = en;
			hasScannedForEncodings = 0;
			knownRegions = (
				en,
				Base,
			);
			mainGroup = 5DC3524E27F0380300F66A26;
			productRefGroup = 5DC3525827F0380300F66A26 /* Products */;
			projectDirPath = "";
			projectRoot = "";
			targets = (
				5DC3525627F0380300F66A26 /* SwiftUI-MVVM */,
			);
		};
/* End PBXProject section */

/* Begin PBXResourcesBuildPhase section */
		5DC3525527F0380300F66A26 /* Resources */ = {
			isa = PBXResourcesBuildPhase;
			buildActionMask = 2147483647;
			files = (
				5DC3526227F0380400F66A26 /* Preview Assets.xcassets in Resources */,
				5DC3525F27F0380400F66A26 /* Assets.xcassets in Resources */,
			);
			runOnlyForDeploymentPostprocessing = 0;
		};
/* End PBXResourcesBuildPhase section */

/* Begin PBXSourcesBuildPhase section */
		5DC3525327F0380300F66A26 /* Sources */ = {
			isa = PBXSourcesBuildPhase;
			buildActionMask = 2147483647;
			files = (
				5DC3527527F038ED00F66A26 /* AppetizerListViewModel.swift in Sources */,
				5DC3527227F0388900F66A26 /* NetworkManager.swift in Sources */,
				5DC3527027F0387A00F66A26 /* SMError.swift in Sources */,
				5DC3526C27F0384600F66A26 /* Appetizer.swift in Sources */,
				5DC3526E27F0385E00F66A26 /* AlertItem.swift in Sources */,
				5DC3527727F03D6A00F66A26 /* AppetizerListView.swift in Sources */,
				5DC3527D27F0499B00F66A26 /* AppetizerRemoteImageView.swift in Sources */,
				5DC3527B27F048CB00F66A26 /* AppetizerCell.swift in Sources */,
				5DC3525B27F0380300F66A26 /* SwiftUI_MVVMApp.swift in Sources */,
				5DC3527927F0479000F66A26 /* LoadingView.swift in Sources */,
			);
			runOnlyForDeploymentPostprocessing = 0;
		};
/* End PBXSourcesBuildPhase section */

/* Begin XCBuildConfiguration section */
		5DC3526327F0380400F66A26 /* Debug */ = {
			isa = XCBuildConfiguration;
			buildSettings = {
				ALWAYS_SEARCH_USER_PATHS = NO;
				CLANG_ANALYZER_NONNULL = YES;
				CLANG_ANALYZER_NUMBER_OBJECT_CONVERSION = YES_AGGRESSIVE;
				CLANG_CXX_LANGUAGE_STANDARD = "gnu++17";
				CLANG_ENABLE_MODULES = YES;
				CLANG_ENABLE_OBJC_ARC = YES;
				CLANG_ENABLE_OBJC_WEAK = YES;
				CLANG_WARN_BLOCK_CAPTURE_AUTORELEASING = YES;
				CLANG_WARN_BOOL_CONVERSION = YES;
				CLANG_WARN_COMMA = YES;
				CLANG_WARN_CONSTANT_CONVERSION = YES;
				CLANG_WARN_DEPRECATED_OBJC_IMPLEMENTATIONS = YES;
				CLANG_WARN_DIRECT_OBJC_ISA_USAGE = YES_ERROR;
				CLANG_WARN_DOCUMENTATION_COMMENTS = YES;
				CLANG_WARN_EMPTY_BODY = YES;
				CLANG_WARN_ENUM_CONVERSION = YES;
				CLANG_WARN_INFINITE_RECURSION = YES;
				CLANG_WARN_INT_CONVERSION = YES;
				CLANG_WARN_NON_LITERAL_NULL_CONVERSION = YES;
				CLANG_WARN_OBJC_IMPLICIT_RETAIN_SELF = YES;
				CLANG_WARN_OBJC_LITERAL_CONVERSION = YES;
				CLANG_WARN_OBJC_ROOT_CLASS = YES_ERROR;
				CLANG_WARN_QUOTED_INCLUDE_IN_FRAMEWORK_HEADER = YES;
				CLANG_WARN_RANGE_LOOP_ANALYSIS = YES;
				CLANG_WARN_STRICT_PROTOTYPES = YES;
				CLANG_WARN_SUSPICIOUS_MOVE = YES;
				CLANG_WARN_UNGUARDED_AVAILABILITY = YES_AGGRESSIVE;
				CLANG_WARN_UNREACHABLE_CODE = YES;
				CLANG_WARN__DUPLICATE_METHOD_MATCH = YES;
				COPY_PHASE_STRIP = NO;
				DEBUG_INFORMATION_FORMAT = dwarf;
				ENABLE_STRICT_OBJC_MSGSEND = YES;
				ENABLE_TESTABILITY = YES;
				GCC_C_LANGUAGE_STANDARD = gnu11;
				GCC_DYNAMIC_NO_PIC = NO;
				GCC_NO_COMMON_BLOCKS = YES;
				GCC_OPTIMIZATION_LEVEL = 0;
				GCC_PREPROCESSOR_DEFINITIONS = (
					"DEBUG=1",
					"$(inherited)",
				);
				GCC_WARN_64_TO_32_BIT_CONVERSION = YES;
				GCC_WARN_ABOUT_RETURN_TYPE = YES_ERROR;
				GCC_WARN_UNDECLARED_SELECTOR = YES;
				GCC_WARN_UNINITIALIZED_AUTOS = YES_AGGRESSIVE;
				GCC_WARN_UNUSED_FUNCTION = YES;
				GCC_WARN_UNUSED_VARIABLE = YES;
				IPHONEOS_DEPLOYMENT_TARGET = 15.4;
				MTL_ENABLE_DEBUG_INFO = INCLUDE_SOURCE;
				MTL_FAST_MATH = YES;
				ONLY_ACTIVE_ARCH = YES;
				SDKROOT = iphoneos;
				SWIFT_ACTIVE_COMPILATION_CONDITIONS = DEBUG;
				SWIFT_OPTIMIZATION_LEVEL = "-Onone";
			};
			name = Debug;
		};
		5DC3526427F0380400F66A26 /* Release */ = {
			isa = XCBuildConfiguration;
			buildSettings = {
				ALWAYS_SEARCH_USER_PATHS = NO;
				CLANG_ANALYZER_NONNULL = YES;
				CLANG_ANALYZER_NUMBER_OBJECT_CONVERSION = YES_AGGRESSIVE;
				CLANG_CXX_LANGUAGE_STANDARD = "gnu++17";
				CLANG_ENABLE_MODULES = YES;
				CLANG_ENABLE_OBJC_ARC = YES;
				CLANG_ENABLE_OBJC_WEAK = YES;
				CLANG_WARN_BLOCK_CAPTURE_AUTORELEASING = YES;
				CLANG_WARN_BOOL_CONVERSION = YES;
				CLANG_WARN_COMMA = YES;
				CLANG_WARN_CONSTANT_CONVERSION = YES;
				CLANG_WARN_DEPRECATED_OBJC_IMPLEMENTATIONS = YES;
				CLANG_WARN_DIRECT_OBJC_ISA_USAGE = YES_ERROR;
				CLANG_WARN_DOCUMENTATION_COMMENTS = YES;
				CLANG_WARN_EMPTY_BODY = YES;
				CLANG_WARN_ENUM_CONVERSION = YES;
				CLANG_WARN_INFINITE_RECURSION = YES;
				CLANG_WARN_INT_CONVERSION = YES;
				CLANG_WARN_NON_LITERAL_NULL_CONVERSION = YES;
				CLANG_WARN_OBJC_IMPLICIT_RETAIN_SELF = YES;
				CLANG_WARN_OBJC_LITERAL_CONVERSION = YES;
				CLANG_WARN_OBJC_ROOT_CLASS = YES_ERROR;
				CLANG_WARN_QUOTED_INCLUDE_IN_FRAMEWORK_HEADER = YES;
				CLANG_WARN_RANGE_LOOP_ANALYSIS = YES;
				CLANG_WARN_STRICT_PROTOTYPES = YES;
				CLANG_WARN_SUSPICIOUS_MOVE = YES;
				CLANG_WARN_UNGUARDED_AVAILABILITY = YES_AGGRESSIVE;
				CLANG_WARN_UNREACHABLE_CODE = YES;
				CLANG_WARN__DUPLICATE_METHOD_MATCH = YES;
				COPY_PHASE_STRIP = NO;
				DEBUG_INFORMATION_FORMAT = "dwarf-with-dsym";
				ENABLE_NS_ASSERTIONS = NO;
				ENABLE_STRICT_OBJC_MSGSEND = YES;
				GCC_C_LANGUAGE_STANDARD = gnu11;
				GCC_NO_COMMON_BLOCKS = YES;
				GCC_WARN_64_TO_32_BIT_CONVERSION = YES;
				GCC_WARN_ABOUT_RETURN_TYPE = YES_ERROR;
				GCC_WARN_UNDECLARED_SELECTOR = YES;
				GCC_WARN_UNINITIALIZED_AUTOS = YES_AGGRESSIVE;
				GCC_WARN_UNUSED_FUNCTION = YES;
				GCC_WARN_UNUSED_VARIABLE = YES;
				IPHONEOS_DEPLOYMENT_TARGET = 15.4;
				MTL_ENABLE_DEBUG_INFO = NO;
				MTL_FAST_MATH = YES;
				SDKROOT = iphoneos;
				SWIFT_COMPILATION_MODE = wholemodule;
				SWIFT_OPTIMIZATION_LEVEL = "-O";
				VALIDATE_PRODUCT = YES;
			};
			name = Release;
		};
		5DC3526627F0380400F66A26 /* Debug */ = {
			isa = XCBuildConfiguration;
			buildSettings = {
				ASSETCATALOG_COMPILER_APPICON_NAME = AppIcon;
				ASSETCATALOG_COMPILER_GLOBAL_ACCENT_COLOR_NAME = AccentColor;
				CODE_SIGN_STYLE = Automatic;
				CURRENT_PROJECT_VERSION = 1;
				DEVELOPMENT_ASSET_PATHS = "\"SwiftUI-MVVM/Preview Content\"";
				ENABLE_PREVIEWS = YES;
				GENERATE_INFOPLIST_FILE = YES;
				INFOPLIST_KEY_UIApplicationSceneManifest_Generation = YES;
				INFOPLIST_KEY_UIApplicationSupportsIndirectInputEvents = YES;
				INFOPLIST_KEY_UILaunchScreen_Generation = YES;
				INFOPLIST_KEY_UISupportedInterfaceOrientations_iPad = "UIInterfaceOrientationPortrait UIInterfaceOrientationPortraitUpsideDown UIInterfaceOrientationLandscapeLeft UIInterfaceOrientationLandscapeRight";
				INFOPLIST_KEY_UISupportedInterfaceOrientations_iPhone = "UIInterfaceOrientationPortrait UIInterfaceOrientationLandscapeLeft UIInterfaceOrientationLandscapeRight";
				LD_RUNPATH_SEARCH_PATHS = (
					"$(inherited)",
					"@executable_path/Frameworks",
				);
				MARKETING_VERSION = 1.0;
				PRODUCT_BUNDLE_IDENTIFIER = "yash.langaliya.SwiftUI-MVVM";
				PRODUCT_NAME = "$(TARGET_NAME)";
				SWIFT_EMIT_LOC_STRINGS = YES;
				SWIFT_VERSION = 5.0;
				TARGETED_DEVICE_FAMILY = "1,2";
			};
			name = Debug;
		};
		5DC3526727F0380400F66A26 /* Release */ = {
			isa = XCBuildConfiguration;
			buildSettings = {
				ASSETCATALOG_COMPILER_APPICON_NAME = AppIcon;
				ASSETCATALOG_COMPILER_GLOBAL_ACCENT_COLOR_NAME = AccentColor;
				CODE_SIGN_STYLE = Automatic;
				CURRENT_PROJECT_VERSION = 1;
				DEVELOPMENT_ASSET_PATHS = "\"SwiftUI-MVVM/Preview Content\"";
				ENABLE_PREVIEWS = YES;
				GENERATE_INFOPLIST_FILE = YES;
				INFOPLIST_KEY_UIApplicationSceneManifest_Generation = YES;
				INFOPLIST_KEY_UIApplicationSupportsIndirectInputEvents = YES;
				INFOPLIST_KEY_UILaunchScreen_Generation = YES;
				INFOPLIST_KEY_UISupportedInterfaceOrientations_iPad = "UIInterfaceOrientationPortrait UIInterfaceOrientationPortraitUpsideDown UIInterfaceOrientationLandscapeLeft UIInterfaceOrientationLandscapeRight";
				INFOPLIST_KEY_UISupportedInterfaceOrientations_iPhone = "UIInterfaceOrientationPortrait UIInterfaceOrientationLandscapeLeft UIInterfaceOrientationLandscapeRight";
				LD_RUNPATH_SEARCH_PATHS = (
					"$(inherited)",
					"@executable_path/Frameworks",
				);
				MARKETING_VERSION = 1.0;
				PRODUCT_BUNDLE_IDENTIFIER = "yash.langaliya.SwiftUI-MVVM";
				PRODUCT_NAME = "$(TARGET_NAME)";
				SWIFT_EMIT_LOC_STRINGS = YES;
				SWIFT_VERSION = 5.0;
				TARGETED_DEVICE_FAMILY = "1,2";
			};
			name = Release;
		};
/* End XCBuildConfiguration section */

/* Begin XCConfigurationList section */
		5DC3525227F0380300F66A26 /* Build configuration list for PBXProject "SwiftUI-MVVM" */ = {
			isa = XCConfigurationList;
			buildConfigurations = (
				5DC3526327F0380400F66A26 /* Debug */,
				5DC3526427F0380400F66A26 /* Release */,
			);
			defaultConfigurationIsVisible = 0;
			defaultConfigurationName = Release;
		};
		5DC3526527F0380400F66A26 /* Build configuration list for PBXNativeTarget "SwiftUI-MVVM" */ = {
			isa = XCConfigurationList;
			buildConfigurations = (
				5DC3526627F0380400F66A26 /* Debug */,
				5DC3526727F0380400F66A26 /* Release */,
			);
			defaultConfigurationIsVisible = 0;
			defaultConfigurationName = Release;
		};
/* End XCConfigurationList section */
	};
	rootObject = 5DC3524F27F0380300F66A26 /* Project object */;
}
